
Microsoft Visual Studio Solution File, Format Version 12.00
# Visual Studio 15
VisualStudioVersion = 15.0.27703.2047
MinimumVisualStudioVersion = 10.0.40219.1
Project("{FAE04EC0-301F-11D3-BF4B-00C04F79EFBC}") = "LuckyNumber", "LuckyNumber\LuckyNumber.csproj", "{024627D7-1AB6-4CBE-A6A1-6552F64F358C}"
EndProject
Global
	GlobalSection(SolutionConfigurationPlatforms) = preSolution
		Debug|Any CPU = Debug|Any CPU
		Release|Any CPU = Release|Any CPU
	EndGlobalSection
	GlobalSection(ProjectConfigurationPlatforms) = postSolution
		{024627D7-1AB6-4CBE-A6A1-6552F64F358C}.Debug|Any CPU.ActiveCfg = Debug|Any CPU
		{024627D7-1AB6-4CBE-A6A1-6552F64F358C}.Debug|Any CPU.Build.0 = Debug|Any CPU
		{024627D7-1AB6-4CBE-A6A1-6552F64F358C}.Release|Any CPU.ActiveCfg = Release|Any CPU
		{024627D7-1AB6-4CBE-A6A1-6552F64F358C}.Release|Any CPU.Build.0 = Release|Any CPU
	EndGlobalSection
	GlobalSection(SolutionProperties) = preSolution
		HideSolutionNode = FALSE
	EndGlobalSection
	GlobalSection(ExtensibilityGlobals) = postSolution
		SolutionGuid = {45EF4C04-6767-483C-B1C0-D9FE703B1F4F}
	EndGlobalSection
EndGlobal
